
Microsoft Visual Studio Solution File, Format Version 12.00
# Visual Studio 15
VisualStudioVersion = 15.0.27130.2003
MinimumVisualStudioVersion = 10.0.40219.1
Project("{FAE04EC0-301F-11D3-BF4B-00C04F79EFBC}") = "OPRegi_DisplayOnly.Android", "OPRegi_DisplayOnly\OPRegi_DisplayOnly.Android\OPRegi_DisplayOnly.Android.csproj", "{643EE4E9-F52D-4D13-8BDA-AD3661E6046C}"
EndProject
Project("{FAE04EC0-301F-11D3-BF4B-00C04F79EFBC}") = "OPRegi_DisplayOnly.iOS", "OPRegi_DisplayOnly\OPRegi_DisplayOnly.iOS\OPRegi_DisplayOnly.iOS.csproj", "{90250217-4F98-4FB4-854B-D3B4379B4B92}"
EndProject
Project("{FAE04EC0-301F-11D3-BF4B-00C04F79EFBC}") = "OPRegi_DisplayOnly.UWP", "OPRegi_DisplayOnly\OPRegi_DisplayOnly.UWP\OPRegi_DisplayOnly.UWP.csproj", "{A3628FA5-8247-435B-ADF2-89FDBB745D00}"
EndProject
Project("{D954291E-2A0B-460D-934E-DC6B0785DB48}") = "OPRegi_DisplayOnly", "OPRegi_DisplayOnly\OPRegi_DisplayOnly\OPRegi_DisplayOnly.shproj", "{7E3455E6-B14F-431D-9499-9AC1B6A981BA}"
EndProject
Global
	GlobalSection(SharedMSBuildProjectFiles) = preSolution
		OPRegi_DisplayOnly\OPRegi_DisplayOnly\OPRegi_DisplayOnly.projitems*{643ee4e9-f52d-4d13-8bda-ad3661e6046c}*SharedItemsImports = 4
		OPRegi_DisplayOnly\OPRegi_DisplayOnly\OPRegi_DisplayOnly.projitems*{7e3455e6-b14f-431d-9499-9ac1b6a981ba}*SharedItemsImports = 13
		OPRegi_DisplayOnly\OPRegi_DisplayOnly\OPRegi_DisplayOnly.projitems*{90250217-4f98-4fb4-854b-d3b4379b4b92}*SharedItemsImports = 4
		OPRegi_DisplayOnly\OPRegi_DisplayOnly\OPRegi_DisplayOnly.projitems*{a3628fa5-8247-435b-adf2-89fdbb745d00}*SharedItemsImports = 4
	EndGlobalSection
	GlobalSection(SolutionConfigurationPlatforms) = preSolution
		Ad-Hoc|Any CPU = Ad-Hoc|Any CPU
		Ad-Hoc|ARM = Ad-Hoc|ARM
		Ad-Hoc|iPhone = Ad-Hoc|iPhone
		Ad-Hoc|iPhoneSimulator = Ad-Hoc|iPhoneSimulator
		Ad-Hoc|x64 = Ad-Hoc|x64
		Ad-Hoc|x86 = Ad-Hoc|x86
		AppStore|Any CPU = AppStore|Any CPU
		AppStore|ARM = AppStore|ARM
		AppStore|iPhone = AppStore|iPhone
		AppStore|iPhoneSimulator = AppStore|iPhoneSimulator
		AppStore|x64 = AppStore|x64
		AppStore|x86 = AppStore|x86
		Debug|Any CPU = Debug|Any CPU
		Debug|ARM = Debug|ARM
		Debug|iPhone = Debug|iPhone
		Debug|iPhoneSimulator = Debug|iPhoneSimulator
		Debug|x64 = Debug|x64
		Debug|x86 = Debug|x86
		Release|Any CPU = Release|Any CPU
		Release|ARM = Release|ARM
		Release|iPhone = Release|iPhone
		Release|iPhoneSimulator = Release|iPhoneSimulator
		Release|x64 = Release|x64
		Release|x86 = Release|x86
	EndGlobalSection
	GlobalSection(ProjectConfigurationPlatforms) = postSolution
		{643EE4E9-F52D-4D13-8BDA-AD3661E6046C}.Ad-Hoc|Any CPU.ActiveCfg = Release|Any CPU
		{643EE4E9-F52D-4D13-8BDA-AD3661E6046C}.Ad-Hoc|Any CPU.Build.0 = Release|Any CPU
		{643EE4E9-F52D-4D13-8BDA-AD3661E6046C}.Ad-Hoc|Any CPU.Deploy.0 = Release|Any CPU
		{643EE4E9-F52D-4D13-8BDA-AD3661E6046C}.Ad-Hoc|ARM.ActiveCfg = Release|Any CPU
		{643EE4E9-F52D-4D13-8BDA-AD3661E6046C}.Ad-Hoc|ARM.Build.0 = Release|Any CPU
		{643EE4E9-F52D-4D13-8BDA-AD3661E6046C}.Ad-Hoc|ARM.Deploy.0 = Release|Any CPU
		{643EE4E9-F52D-4D13-8BDA-AD3661E6046C}.Ad-Hoc|iPhone.ActiveCfg = Release|Any CPU
		{643EE4E9-F52D-4D13-8BDA-AD3661E6046C}.Ad-Hoc|iPhone.Build.0 = Release|Any CPU
		{643EE4E9-F52D-4D13-8BDA-AD3661E6046C}.Ad-Hoc|iPhone.Deploy.0 = Release|Any CPU
		{643EE4E9-F52D-4D13-8BDA-AD3661E6046C}.Ad-Hoc|iPhoneSimulator.ActiveCfg = Release|Any CPU
		{643EE4E9-F52D-4D13-8BDA-AD3661E6046C}.Ad-Hoc|iPhoneSimulator.Build.0 = Release|Any CPU
		{643EE4E9-F52D-4D13-8BDA-AD3661E6046C}.Ad-Hoc|iPhoneSimulator.Deploy.0 = Release|Any CPU
		{643EE4E9-F52D-4D13-8BDA-AD3661E6046C}.Ad-Hoc|x64.ActiveCfg = Release|Any CPU
		{643EE4E9-F52D-4D13-8BDA-AD3661E6046C}.Ad-Hoc|x64.Build.0 = Release|Any CPU
		{643EE4E9-F52D-4D13-8BDA-AD3661E6046C}.Ad-Hoc|x64.Deploy.0 = Release|Any CPU
		{643EE4E9-F52D-4D13-8BDA-AD3661E6046C}.Ad-Hoc|x86.ActiveCfg = Release|Any CPU
		{643EE4E9-F52D-4D13-8BDA-AD3661E6046C}.Ad-Hoc|x86.Build.0 = Release|Any CPU
		{643EE4E9-F52D-4D13-8BDA-AD3661E6046C}.Ad-Hoc|x86.Deploy.0 = Release|Any CPU
		{643EE4E9-F52D-4D13-8BDA-AD3661E6046C}.AppStore|Any CPU.ActiveCfg = Release|Any CPU
		{643EE4E9-F52D-4D13-8BDA-AD3661E6046C}.AppStore|Any CPU.Build.0 = Release|Any CPU
		{643EE4E9-F52D-4D13-8BDA-AD3661E6046C}.AppStore|Any CPU.Deploy.0 = Release|Any CPU
		{643EE4E9-F52D-4D13-8BDA-AD3661E6046C}.AppStore|ARM.ActiveCfg = Release|Any CPU
		{643EE4E9-F52D-4D13-8BDA-AD3661E6046C}.AppStore|ARM.Build.0 = Release|Any CPU
		{643EE4E9-F52D-4D13-8BDA-AD3661E6046C}.AppStore|ARM.Deploy.0 = Release|Any CPU
		{643EE4E9-F52D-4D13-8BDA-AD3661E6046C}.AppStore|iPhone.ActiveCfg = Release|Any CPU
		{643EE4E9-F52D-4D13-8BDA-AD3661E6046C}.AppStore|iPhone.Build.0 = Release|Any CPU
		{643EE4E9-F52D-4D13-8BDA-AD3661E6046C}.AppStore|iPhone.Deploy.0 = Release|Any CPU
		{643EE4E9-F52D-4D13-8BDA-AD3661E6046C}.AppStore|iPhoneSimulator.ActiveCfg = Release|Any CPU
		{643EE4E9-F52D-4D13-8BDA-AD3661E6046C}.AppStore|iPhoneSimulator.Build.0 = Release|Any CPU
		{643EE4E9-F52D-4D13-8BDA-AD3661E6046C}.AppStore|iPhoneSimulator.Deploy.0 = Release|Any CPU
		{643EE4E9-F52D-4D13-8BDA-AD3661E6046C}.AppStore|x64.ActiveCfg = Release|Any CPU
		{643EE4E9-F52D-4D13-8BDA-AD3661E6046C}.AppStore|x64.Build.0 = Release|Any CPU
		{643EE4E9-F52D-4D13-8BDA-AD3661E6046C}.AppStore|x64.Deploy.0 = Release|Any CPU
		{643EE4E9-F52D-4D13-8BDA-AD3661E6046C}.AppStore|x86.ActiveCfg = Release|Any CPU
		{643EE4E9-F52D-4D13-8BDA-AD3661E6046C}.AppStore|x86.Build.0 = Release|Any CPU
		{643EE4E9-F52D-4D13-8BDA-AD3661E6046C}.AppStore|x86.Deploy.0 = Release|Any CPU
		{643EE4E9-F52D-4D13-8BDA-AD3661E6046C}.Debug|Any CPU.ActiveCfg = Debug|Any CPU
		{643EE4E9-F52D-4D13-8BDA-AD3661E6046C}.Debug|Any CPU.Build.0 = Debug|Any CPU
		{643EE4E9-F52D-4D13-8BDA-AD3661E6046C}.Debug|Any CPU.Deploy.0 = Debug|Any CPU
		{643EE4E9-F52D-4D13-8BDA-AD3661E6046C}.Debug|ARM.ActiveCfg = Debug|Any CPU
		{643EE4E9-F52D-4D13-8BDA-AD3661E6046C}.Debug|ARM.Build.0 = Debug|Any CPU
		{643EE4E9-F52D-4D13-8BDA-AD3661E6046C}.Debug|ARM.Deploy.0 = Debug|Any CPU
		{643EE4E9-F52D-4D13-8BDA-AD3661E6046C}.Debug|iPhone.ActiveCfg = Debug|Any CPU
		{643EE4E9-F52D-4D13-8BDA-AD3661E6046C}.Debug|iPhone.Build.0 = Debug|Any CPU
		{643EE4E9-F52D-4D13-8BDA-AD3661E6046C}.Debug|iPhone.Deploy.0 = Debug|Any CPU
		{643EE4E9-F52D-4D13-8BDA-AD3661E6046C}.Debug|iPhoneSimulator.ActiveCfg = Debug|Any CPU
		{643EE4E9-F52D-4D13-8BDA-AD3661E6046C}.Debug|iPhoneSimulator.Build.0 = Debug|Any CPU
		{643EE4E9-F52D-4D13-8BDA-AD3661E6046C}.Debug|iPhoneSimulator.Deploy.0 = Debug|Any CPU
		{643EE4E9-F52D-4D13-8BDA-AD3661E6046C}.Debug|x64.ActiveCfg = Debug|Any CPU
		{643EE4E9-F52D-4D13-8BDA-AD3661E6046C}.Debug|x64.Build.0 = Debug|Any CPU
		{643EE4E9-F52D-4D13-8BDA-AD3661E6046C}.Debug|x64.Deploy.0 = Debug|Any CPU
		{643EE4E9-F52D-4D13-8BDA-AD3661E6046C}.Debug|x86.ActiveCfg = Debug|Any CPU
		{643EE4E9-F52D-4D13-8BDA-AD3661E6046C}.Debug|x86.Build.0 = Debug|Any CPU
		{643EE4E9-F52D-4D13-8BDA-AD3661E6046C}.Debug|x86.Deploy.0 = Debug|Any CPU
		{643EE4E9-F52D-4D13-8BDA-AD3661E6046C}.Release|Any CPU.ActiveCfg = Release|Any CPU
		{643EE4E9-F52D-4D13-8BDA-AD3661E6046C}.Release|Any CPU.Build.0 = Release|Any CPU
		{643EE4E9-F52D-4D13-8BDA-AD3661E6046C}.Release|Any CPU.Deploy.0 = Release|Any CPU
		{643EE4E9-F52D-4D13-8BDA-AD3661E6046C}.Release|ARM.ActiveCfg = Release|Any CPU
		{643EE4E9-F52D-4D13-8BDA-AD3661E6046C}.Release|ARM.Build.0 = Release|Any CPU
		{643EE4E9-F52D-4D13-8BDA-AD3661E6046C}.Release|ARM.Deploy.0 = Release|Any CPU
		{643EE4E9-F52D-4D13-8BDA-AD3661E6046C}.Release|iPhone.ActiveCfg = Release|Any CPU
		{643EE4E9-F52D-4D13-8BDA-AD3661E6046C}.Release|iPhone.Build.0 = Release|Any CPU
		{643EE4E9-F52D-4D13-8BDA-AD3661E6046C}.Release|iPhone.Deploy.0 = Release|Any CPU
		{643EE4E9-F52D-4D13-8BDA-AD3661E6046C}.Release|iPhoneSimulator.ActiveCfg = Release|Any CPU
		{643EE4E9-F52D-4D13-8BDA-AD3661E6046C}.Release|iPhoneSimulator.Build.0 = Release|Any CPU
		{643EE4E9-F52D-4D13-8BDA-AD3661E6046C}.Release|iPhoneSimulator.Deploy.0 = Release|Any CPU
		{643EE4E9-F52D-4D13-8BDA-AD3661E6046C}.Release|x64.ActiveCfg = Release|Any CPU
		{643EE4E9-F52D-4D13-8BDA-AD3661E6046C}.Release|x64.Build.0 = Release|Any CPU
		{643EE4E9-F52D-4D13-8BDA-AD3661E6046C}.Release|x64.Deploy.0 = Release|Any CPU
		{643EE4E9-F52D-4D13-8BDA-AD3661E6046C}.Release|x86.ActiveCfg = Release|Any CPU
		{643EE4E9-F52D-4D13-8BDA-AD3661E6046C}.Release|x86.Build.0 = Release|Any CPU
		{643EE4E9-F52D-4D13-8BDA-AD3661E6046C}.Release|x86.Deploy.0 = Release|Any CPU
		{90250217-4F98-4FB4-854B-D3B4379B4B92}.Ad-Hoc|Any CPU.ActiveCfg = Ad-Hoc|iPhone
		{90250217-4F98-4FB4-854B-D3B4379B4B92}.Ad-Hoc|ARM.ActiveCfg = Ad-Hoc|iPhone
		{90250217-4F98-4FB4-854B-D3B4379B4B92}.Ad-Hoc|iPhone.ActiveCfg = Ad-Hoc|iPhone
		{90250217-4F98-4FB4-854B-D3B4379B4B92}.Ad-Hoc|iPhone.Build.0 = Ad-Hoc|iPhone
		{90250217-4F98-4FB4-854B-D3B4379B4B92}.Ad-Hoc|iPhoneSimulator.ActiveCfg = Ad-Hoc|iPhoneSimulator
		{90250217-4F98-4FB4-854B-D3B4379B4B92}.Ad-Hoc|iPhoneSimulator.Build.0 = Ad-Hoc|iPhoneSimulator
		{90250217-4F98-4FB4-854B-D3B4379B4B92}.Ad-Hoc|x64.ActiveCfg = Ad-Hoc|iPhone
		{90250217-4F98-4FB4-854B-D3B4379B4B92}.Ad-Hoc|x86.ActiveCfg = Ad-Hoc|iPhone
		{90250217-4F98-4FB4-854B-D3B4379B4B92}.AppStore|Any CPU.ActiveCfg = AppStore|iPhone
		{90250217-4F98-4FB4-854B-D3B4379B4B92}.AppStore|ARM.ActiveCfg = AppStore|iPhone
		{90250217-4F98-4FB4-854B-D3B4379B4B92}.AppStore|iPhone.ActiveCfg = AppStore|iPhone
		{90250217-4F98-4FB4-854B-D3B4379B4B92}.AppStore|iPhone.Build.0 = AppStore|iPhone
		{90250217-4F98-4FB4-854B-D3B4379B4B92}.AppStore|iPhoneSimulator.ActiveCfg = AppStore|iPhoneSimulator
		{90250217-4F98-4FB4-854B-D3B4379B4B92}.AppStore|iPhoneSimulator.Build.0 = AppStore|iPhoneSimulator
		{90250217-4F98-4FB4-854B-D3B4379B4B92}.AppStore|x64.ActiveCfg = AppStore|iPhone
		{90250217-4F98-4FB4-854B-D3B4379B4B92}.AppStore|x86.ActiveCfg = AppStore|iPhone
		{90250217-4F98-4FB4-854B-D3B4379B4B92}.Debug|Any CPU.ActiveCfg = Debug|iPhone
		{90250217-4F98-4FB4-854B-D3B4379B4B92}.Debug|ARM.ActiveCfg = Debug|iPhone
		{90250217-4F98-4FB4-854B-D3B4379B4B92}.Debug|iPhone.ActiveCfg = Debug|iPhone
		{90250217-4F98-4FB4-854B-D3B4379B4B92}.Debug|iPhone.Build.0 = Debug|iPhone
		{90250217-4F98-4FB4-854B-D3B4379B4B92}.Debug|iPhoneSimulator.ActiveCfg = Debug|iPhoneSimulator
		{90250217-4F98-4FB4-854B-D3B4379B4B92}.Debug|iPhoneSimulator.Build.0 = Debug|iPhoneSimulator
		{90250217-4F98-4FB4-854B-D3B4379B4B92}.Debug|x64.ActiveCfg = Debug|iPhone
		{90250217-4F98-4FB4-854B-D3B4379B4B92}.Debug|x86.ActiveCfg = Debug|iPhone
		{90250217-4F98-4FB4-854B-D3B4379B4B92}.Release|Any CPU.ActiveCfg = Release|iPhone
		{90250217-4F98-4FB4-854B-D3B4379B4B92}.Release|ARM.ActiveCfg = Release|iPhone
		{90250217-4F98-4FB4-854B-D3B4379B4B92}.Release|iPhone.ActiveCfg = Release|iPhone
		{90250217-4F98-4FB4-854B-D3B4379B4B92}.Release|iPhone.Build.0 = Release|iPhone
		{90250217-4F98-4FB4-854B-D3B4379B4B92}.Release|iPhoneSimulator.ActiveCfg = Release|iPhoneSimulator
		{90250217-4F98-4FB4-854B-D3B4379B4B92}.Release|iPhoneSimulator.Build.0 = Release|iPhoneSimulator
		{90250217-4F98-4FB4-854B-D3B4379B4B92}.Release|x64.ActiveCfg = Release|iPhone
		{90250217-4F98-4FB4-854B-D3B4379B4B92}.Release|x86.ActiveCfg = Release|iPhone
		{A3628FA5-8247-435B-ADF2-89FDBB745D00}.Ad-Hoc|Any CPU.ActiveCfg = Release|x86
		{A3628FA5-8247-435B-ADF2-89FDBB745D00}.Ad-Hoc|Any CPU.Build.0 = Release|x86
		{A3628FA5-8247-435B-ADF2-89FDBB745D00}.Ad-Hoc|Any CPU.Deploy.0 = Release|x86
		{A3628FA5-8247-435B-ADF2-89FDBB745D00}.Ad-Hoc|ARM.ActiveCfg = Release|ARM
		{A3628FA5-8247-435B-ADF2-89FDBB745D00}.Ad-Hoc|ARM.Build.0 = Release|ARM
		{A3628FA5-8247-435B-ADF2-89FDBB745D00}.Ad-Hoc|ARM.Deploy.0 = Release|ARM
		{A3628FA5-8247-435B-ADF2-89FDBB745D00}.Ad-Hoc|iPhone.ActiveCfg = Release|x86
		{A3628FA5-8247-435B-ADF2-89FDBB745D00}.Ad-Hoc|iPhone.Build.0 = Release|x86
		{A3628FA5-8247-435B-ADF2-89FDBB745D00}.Ad-Hoc|iPhone.Deploy.0 = Release|x86
		{A3628FA5-8247-435B-ADF2-89FDBB745D00}.Ad-Hoc|iPhoneSimulator.ActiveCfg = Release|x86
		{A3628FA5-8247-435B-ADF2-89FDBB745D00}.Ad-Hoc|iPhoneSimulator.Build.0 = Release|x86
		{A3628FA5-8247-435B-ADF2-89FDBB745D00}.Ad-Hoc|iPhoneSimulator.Deploy.0 = Release|x86
		{A3628FA5-8247-435B-ADF2-89FDBB745D00}.Ad-Hoc|x64.ActiveCfg = Release|x64
		{A3628FA5-8247-435B-ADF2-89FDBB745D00}.Ad-Hoc|x64.Build.0 = Release|x64
		{A3628FA5-8247-435B-ADF2-89FDBB745D00}.Ad-Hoc|x64.Deploy.0 = Release|x64
		{A3628FA5-8247-435B-ADF2-89FDBB745D00}.Ad-Hoc|x86.ActiveCfg = Release|x86
		{A3628FA5-8247-435B-ADF2-89FDBB745D00}.Ad-Hoc|x86.Build.0 = Release|x86
		{A3628FA5-8247-435B-ADF2-89FDBB745D00}.Ad-Hoc|x86.Deploy.0 = Release|x86
		{A3628FA5-8247-435B-ADF2-89FDBB745D00}.AppStore|Any CPU.ActiveCfg = Release|x86
		{A3628FA5-8247-435B-ADF2-89FDBB745D00}.AppStore|Any CPU.Build.0 = Release|x86
		{A3628FA5-8247-435B-ADF2-89FDBB745D00}.AppStore|Any CPU.Deploy.0 = Release|x86
		{A3628FA5-8247-435B-ADF2-89FDBB745D00}.AppStore|ARM.ActiveCfg = Release|ARM
		{A3628FA5-8247-435B-ADF2-89FDBB745D00}.AppStore|ARM.Build.0 = Release|ARM
		{A3628FA5-8247-435B-ADF2-89FDBB745D00}.AppStore|ARM.Deploy.0 = Release|ARM
		{A3628FA5-8247-435B-ADF2-89FDBB745D00}.AppStore|iPhone.ActiveCfg = Release|x86
		{A3628FA5-8247-435B-ADF2-89FDBB745D00}.AppStore|iPhone.Build.0 = Release|x86
		{A3628FA5-8247-435B-ADF2-89FDBB745D00}.AppStore|iPhone.Deploy.0 = Release|x86
		{A3628FA5-8247-435B-ADF2-89FDBB745D00}.AppStore|iPhoneSimulator.ActiveCfg = Release|x86
		{A3628FA5-8247-435B-ADF2-89FDBB745D00}.AppStore|iPhoneSimulator.Build.0 = Release|x86
		{A3628FA5-8247-435B-ADF2-89FDBB745D00}.AppStore|iPhoneSimulator.Deploy.0 = Release|x86
		{A3628FA5-8247-435B-ADF2-89FDBB745D00}.AppStore|x64.ActiveCfg = Release|x64
		{A3628FA5-8247-435B-ADF2-89FDBB745D00}.AppStore|x64.Build.0 = Release|x64
		{A3628FA5-8247-435B-ADF2-89FDBB745D00}.AppStore|x64.Deploy.0 = Release|x64
		{A3628FA5-8247-435B-ADF2-89FDBB745D00}.AppStore|x86.ActiveCfg = Release|x86
		{A3628FA5-8247-435B-ADF2-89FDBB745D00}.AppStore|x86.Build.0 = Release|x86
		{A3628FA5-8247-435B-ADF2-89FDBB745D00}.AppStore|x86.Deploy.0 = Release|x86
		{A3628FA5-8247-435B-ADF2-89FDBB745D00}.Debug|Any CPU.ActiveCfg = Debug|x86
		{A3628FA5-8247-435B-ADF2-89FDBB745D00}.Debug|ARM.ActiveCfg = Debug|ARM
		{A3628FA5-8247-435B-ADF2-89FDBB745D00}.Debug|ARM.Build.0 = Debug|ARM
		{A3628FA5-8247-435B-ADF2-89FDBB745D00}.Debug|ARM.Deploy.0 = Debug|ARM
		{A3628FA5-8247-435B-ADF2-89FDBB745D00}.Debug|iPhone.ActiveCfg = Debug|x86
		{A3628FA5-8247-435B-ADF2-89FDBB745D00}.Debug|iPhoneSimulator.ActiveCfg = Debug|x86
		{A3628FA5-8247-435B-ADF2-89FDBB745D00}.Debug|x64.ActiveCfg = Debug|x64
		{A3628FA5-8247-435B-ADF2-89FDBB745D00}.Debug|x64.Build.0 = Debug|x64
		{A3628FA5-8247-435B-ADF2-89FDBB745D00}.Debug|x64.Deploy.0 = Debug|x64
		{A3628FA5-8247-435B-ADF2-89FDBB745D00}.Debug|x86.ActiveCfg = Debug|x86
		{A3628FA5-8247-435B-ADF2-89FDBB745D00}.Debug|x86.Build.0 = Debug|x86
		{A3628FA5-8247-435B-ADF2-89FDBB745D00}.Debug|x86.Deploy.0 = Debug|x86
		{A3628FA5-8247-435B-ADF2-89FDBB745D00}.Release|Any CPU.ActiveCfg = Release|x86
		{A3628FA5-8247-435B-ADF2-89FDBB745D00}.Release|ARM.ActiveCfg = Release|ARM
		{A3628FA5-8247-435B-ADF2-89FDBB745D00}.Release|ARM.Build.0 = Release|ARM
		{A3628FA5-8247-435B-ADF2-89FDBB745D00}.Release|ARM.Deploy.0 = Release|ARM
		{A3628FA5-8247-435B-ADF2-89FDBB745D00}.Release|iPhone.ActiveCfg = Release|x86
		{A3628FA5-8247-435B-ADF2-89FDBB745D00}.Release|iPhoneSimulator.ActiveCfg = Release|x86
		{A3628FA5-8247-435B-ADF2-89FDBB745D00}.Release|x64.ActiveCfg = Release|x64
		{A3628FA5-8247-435B-ADF2-89FDBB745D00}.Release|x64.Build.0 = Release|x64
		{A3628FA5-8247-435B-ADF2-89FDBB745D00}.Release|x64.Deploy.0 = Release|x64
		{A3628FA5-8247-435B-ADF2-89FDBB745D00}.Release|x86.ActiveCfg = Release|x86
		{A3628FA5-8247-435B-ADF2-89FDBB745D00}.Release|x86.Build.0 = Release|x86
		{A3628FA5-8247-435B-ADF2-89FDBB745D00}.Release|x86.Deploy.0 = Release|x86
	EndGlobalSection
	GlobalSection(SolutionProperties) = preSolution
		HideSolutionNode = FALSE
	EndGlobalSection
	GlobalSection(ExtensibilityGlobals) = postSolution
		SolutionGuid = {9539C158-DCB3-4558-9782-58FEFF669B56}
	EndGlobalSection
EndGlobal
